
Microsoft Visual Studio Solution File, Format Version 12.00
# Visual Studio Version 16
VisualStudioVersion = 16.0.29215.179
MinimumVisualStudioVersion = 10.0.40219.1
Project("{FAE04EC0-301F-11D3-BF4B-00C04F79EFBC}") = "CharacterManager", "CharacterManager.csproj", "{F227DEAA-3913-48EA-B11A-060078A90421}"
EndProject
Project("{FAE04EC0-301F-11D3-BF4B-00C04F79EFBC}") = "GearscoreFinder", "..\GearscoreFinder\GearscoreFinder.csproj", "{9F3CC9B1-57E8-42F0-B3A7-A4518A7C4D7E}"
EndProject
Global
	GlobalSection(SolutionConfigurationPlatforms) = preSolution
		Debug|Any CPU = Debug|Any CPU
		Release|Any CPU = Release|Any CPU
	EndGlobalSection
	GlobalSection(ProjectConfigurationPlatforms) = postSolution
		{F227DEAA-3913-48EA-B11A-060078A90421}.Debug|Any CPU.ActiveCfg = Debug|Any CPU
		{F227DEAA-3913-48EA-B11A-060078A90421}.Debug|Any CPU.Build.0 = Debug|Any CPU
		{F227DEAA-3913-48EA-B11A-060078A90421}.Release|Any CPU.ActiveCfg = Release|Any CPU
		{F227DEAA-3913-48EA-B11A-060078A90421}.Release|Any CPU.Build.0 = Release|Any CPU
		{9F3CC9B1-57E8-42F0-B3A7-A4518A7C4D7E}.Debug|Any CPU.ActiveCfg = Debug|Any CPU
		{9F3CC9B1-57E8-42F0-B3A7-A4518A7C4D7E}.Debug|Any CPU.Build.0 = Debug|Any CPU
		{9F3CC9B1-57E8-42F0-B3A7-A4518A7C4D7E}.Release|Any CPU.ActiveCfg = Release|Any CPU
		{9F3CC9B1-57E8-42F0-B3A7-A4518A7C4D7E}.Release|Any CPU.Build.0 = Release|Any CPU
	EndGlobalSection
	GlobalSection(SolutionProperties) = preSolution
		HideSolutionNode = FALSE
	EndGlobalSection
	GlobalSection(ExtensibilityGlobals) = postSolution
		SolutionGuid = {B1D5D3F4-5964-4526-A5AD-B4DF188A4805}
	EndGlobalSection
EndGlobal
